// !$*UTF8*$!
{
	archiveVersion = 1;
	classes = {
	};
	objectVersion = 55;
	objects = {

/* Begin PBXBuildFile section */
		3562E68628A4BA8A0032829C /* AppDelegate.swift in Sources */ = {isa = PBXBuildFile; fileRef = 3562E68528A4BA8A0032829C /* AppDelegate.swift */; };
		3562E68828A4BA8A0032829C /* SceneDelegate.swift in Sources */ = {isa = PBXBuildFile; fileRef = 3562E68728A4BA8A0032829C /* SceneDelegate.swift */; };
		3562E68A28A4BA8A0032829C /* ViewController.swift in Sources */ = {isa = PBXBuildFile; fileRef = 3562E68928A4BA8A0032829C /* ViewController.swift */; };
		3562E68D28A4BA8A0032829C /* Main.storyboard in Resources */ = {isa = PBXBuildFile; fileRef = 3562E68B28A4BA8A0032829C /* Main.storyboard */; };
		3562E68F28A4BA8B0032829C /* Assets.xcassets in Resources */ = {isa = PBXBuildFile; fileRef = 3562E68E28A4BA8B0032829C /* Assets.xcassets */; };
		3562E69228A4BA8B0032829C /* LaunchScreen.storyboard in Resources */ = {isa = PBXBuildFile; fileRef = 3562E69028A4BA8B0032829C /* LaunchScreen.storyboard */; };
		3562E69D28A4BB210032829C /* takingOrder.swift in Sources */ = {isa = PBXBuildFile; fileRef = 3562E69C28A4BB210032829C /* takingOrder.swift */; };
		3562E69F28A4BB350032829C /* takingOrderBrain.swift in Sources */ = {isa = PBXBuildFile; fileRef = 3562E69E28A4BB340032829C /* takingOrderBrain.swift */; };
/* End PBXBuildFile section */

/* Begin PBXFileReference section */
		3562E68228A4BA8A0032829C /* KFC.app */ = {isa = PBXFileReference; explicitFileType = wrapper.application; includeInIndex = 0; path = KFC.app; sourceTree = BUILT_PRODUCTS_DIR; };
		3562E68528A4BA8A0032829C /* AppDelegate.swift */ = {isa = PBXFileReference; lastKnownFileType = sourcecode.swift; path = AppDelegate.swift; sourceTree = "<group>"; };
		3562E68728A4BA8A0032829C /* SceneDelegate.swift */ = {isa = PBXFileReference; lastKnownFileType = sourcecode.swift; path = SceneDelegate.swift; sourceTree = "<group>"; };
		3562E68928A4BA8A0032829C /* ViewController.swift */ = {isa = PBXFileReference; lastKnownFileType = sourcecode.swift; path = ViewController.swift; sourceTree = "<group>"; };
		3562E68C28A4BA8A0032829C /* Base */ = {isa = PBXFileReference; lastKnownFileType = file.storyboard; name = Base; path = Base.lproj/Main.storyboard; sourceTree = "<group>"; };
		3562E68E28A4BA8B0032829C /* Assets.xcassets */ = {isa = PBXFileReference; lastKnownFileType = folder.assetcatalog; path = Assets.xcassets; sourceTree = "<group>"; };
		3562E69128A4BA8B0032829C /* Base */ = {isa = PBXFileReference; lastKnownFileType = file.storyboard; name = Base; path = Base.lproj/LaunchScreen.storyboard; sourceTree = "<group>"; };
		3562E69328A4BA8B0032829C /* Info.plist */ = {isa = PBXFileReference; lastKnownFileType = text.plist.xml; path = Info.plist; sourceTree = "<group>"; };
		3562E69C28A4BB210032829C /* takingOrder.swift */ = {isa = PBXFileReference; lastKnownFileType = sourcecode.swift; path = takingOrder.swift; sourceTree = "<group>"; };
		3562E69E28A4BB340032829C /* takingOrderBrain.swift */ = {isa = PBXFileReference; lastKnownFileType = sourcecode.swift; path = takingOrderBrain.swift; sourceTree = "<group>"; usesTabs = 0; };
/* End PBXFileReference section */

/* Begin PBXFrameworksBuildPhase section */
		3562E67F28A4BA8A0032829C /* Frameworks */ = {
			isa = PBXFrameworksBuildPhase;
			buildActionMask = 2147483647;
			files = (
			);
			runOnlyForDeploymentPostprocessing = 0;
		};
/* End PBXFrameworksBuildPhase section */

/* Begin PBXGroup section */
		3562E67928A4BA8A0032829C = {
			isa = PBXGroup;
			children = (
				3562E68428A4BA8A0032829C /* KFC */,
				3562E68328A4BA8A0032829C /* Products */,
			);
			sourceTree = "<group>";
		};
		3562E68328A4BA8A0032829C /* Products */ = {
			isa = PBXGroup;
			children = (
				3562E68228A4BA8A0032829C /* KFC.app */,
			);
			name = Products;
			sourceTree = "<group>";
		};
		3562E68428A4BA8A0032829C /* KFC */ = {
			isa = PBXGroup;
			children = (
				3562E68528A4BA8A0032829C /* AppDelegate.swift */,
				3562E68728A4BA8A0032829C /* SceneDelegate.swift */,
				3562E69B28A4BAE00032829C /* Model */,
				3562E69928A4BABF0032829C /* view */,
				3562E68E28A4BA8B0032829C /* Assets.xcassets */,
				3562E69028A4BA8B0032829C /* LaunchScreen.storyboard */,
				3562E69328A4BA8B0032829C /* Info.plist */,
			);
			path = KFC;
			sourceTree = "<group>";
		};
		3562E69928A4BABF0032829C /* view */ = {
			isa = PBXGroup;
			children = (
				3562E68B28A4BA8A0032829C /* Main.storyboard */,
				3562E69A28A4BAC80032829C /* controller */,
			);
			path = view;
			sourceTree = "<group>";
		};
		3562E69A28A4BAC80032829C /* controller */ = {
			isa = PBXGroup;
			children = (
				3562E68928A4BA8A0032829C /* ViewController.swift */,
			);
			path = controller;
			sourceTree = "<group>";
		};
		3562E69B28A4BAE00032829C /* Model */ = {
			isa = PBXGroup;
			children = (
				3562E69C28A4BB210032829C /* takingOrder.swift */,
				3562E69E28A4BB340032829C /* takingOrderBrain.swift */,
			);
			path = Model;
			sourceTree = "<group>";
		};
/* End PBXGroup section */

/* Begin PBXNativeTarget section */
		3562E68128A4BA8A0032829C /* KFC */ = {
			isa = PBXNativeTarget;
			buildConfigurationList = 3562E69628A4BA8B0032829C /* Build configuration list for PBXNativeTarget "KFC" */;
			buildPhases = (
				3562E67E28A4BA8A0032829C /* Sources */,
				3562E67F28A4BA8A0032829C /* Frameworks */,
				3562E68028A4BA8A0032829C /* Resources */,
			);
			buildRules = (
			);
			dependencies = (
			);
			name = KFC;
			productName = KFC;
			productReference = 3562E68228A4BA8A0032829C /* KFC.app */;
			productType = "com.apple.product-type.application";
		};
/* End PBXNativeTarget section */

/* Begin PBXProject section */
		3562E67A28A4BA8A0032829C /* Project object */ = {
			isa = PBXProject;
			attributes = {
				BuildIndependentTargetsInParallel = 1;
				LastSwiftUpdateCheck = 1340;
				LastUpgradeCheck = 1340;
				TargetAttributes = {
					3562E68128A4BA8A0032829C = {
						CreatedOnToolsVersion = 13.4.1;
					};
				};
			};
			buildConfigurationList = 3562E67D28A4BA8A0032829C /* Build configuration list for PBXProject "KFC" */;
			compatibilityVersion = "Xcode 13.0";
			developmentRegion = en;
			hasScannedForEncodings = 0;
			knownRegions = (
				en,
				Base,
			);
			mainGroup = 3562E67928A4BA8A0032829C;
			productRefGroup = 3562E68328A4BA8A0032829C /* Products */;
			projectDirPath = "";
			projectRoot = "";
			targets = (
				3562E68128A4BA8A0032829C /* KFC */,
			);
		};
/* End PBXProject section */

/* Begin PBXResourcesBuildPhase section */
		3562E68028A4BA8A0032829C /* Resources */ = {
			isa = PBXResourcesBuildPhase;
			buildActionMask = 2147483647;
			files = (
				3562E69228A4BA8B0032829C /* LaunchScreen.storyboard in Resources */,
				3562E68F28A4BA8B0032829C /* Assets.xcassets in Resources */,
				3562E68D28A4BA8A0032829C /* Main.storyboard in Resources */,
			);
			runOnlyForDeploymentPostprocessing = 0;
		};
/* End PBXResourcesBuildPhase section */

/* Begin PBXSourcesBuildPhase section */
		3562E67E28A4BA8A0032829C /* Sources */ = {
			isa = PBXSourcesBuildPhase;
			buildActionMask = 2147483647;
			files = (
				3562E68A28A4BA8A0032829C /* ViewController.swift in Sources */,
				3562E68628A4BA8A0032829C /* AppDelegate.swift in Sources */,
				3562E69F28A4BB350032829C /* takingOrderBrain.swift in Sources */,
				3562E69D28A4BB210032829C /* takingOrder.swift in Sources */,
				3562E68828A4BA8A0032829C /* SceneDelegate.swift in Sources */,
			);
			runOnlyForDeploymentPostprocessing = 0;
		};
/* End PBXSourcesBuildPhase section */

/* Begin PBXVariantGroup section */
		3562E68B28A4BA8A0032829C /* Main.storyboard */ = {
			isa = PBXVariantGroup;
			children = (
				3562E68C28A4BA8A0032829C /* Base */,
			);
			name = Main.storyboard;
			sourceTree = "<group>";
		};
		3562E69028A4BA8B0032829C /* LaunchScreen.storyboard */ = {
			isa = PBXVariantGroup;
			children = (
				3562E69128A4BA8B0032829C /* Base */,
			);
			name = LaunchScreen.storyboard;
			sourceTree = "<group>";
		};
/* End PBXVariantGroup section */

/* Begin XCBuildConfiguration section */
		3562E69428A4BA8B0032829C /* Debug */ = {
			isa = XCBuildConfiguration;
			buildSettings = {
				ALWAYS_SEARCH_USER_PATHS = NO;
				CLANG_ANALYZER_NONNULL = YES;
				CLANG_ANALYZER_NUMBER_OBJECT_CONVERSION = YES_AGGRESSIVE;
				CLANG_CXX_LANGUAGE_STANDARD = "gnu++17";
				CLANG_ENABLE_MODULES = YES;
				CLANG_ENABLE_OBJC_ARC = YES;
				CLANG_ENABLE_OBJC_WEAK = YES;
				CLANG_WARN_BLOCK_CAPTURE_AUTORELEASING = YES;
				CLANG_WARN_BOOL_CONVERSION = YES;
				CLANG_WARN_COMMA = YES;
				CLANG_WARN_CONSTANT_CONVERSION = YES;
				CLANG_WARN_DEPRECATED_OBJC_IMPLEMENTATIONS = YES;
				CLANG_WARN_DIRECT_OBJC_ISA_USAGE = YES_ERROR;
				CLANG_WARN_DOCUMENTATION_COMMENTS = YES;
				CLANG_WARN_EMPTY_BODY = YES;
				CLANG_WARN_ENUM_CONVERSION = YES;
				CLANG_WARN_INFINITE_RECURSION = YES;
				CLANG_WARN_INT_CONVERSION = YES;
				CLANG_WARN_NON_LITERAL_NULL_CONVERSION = YES;
				CLANG_WARN_OBJC_IMPLICIT_RETAIN_SELF = YES;
				CLANG_WARN_OBJC_LITERAL_CONVERSION = YES;
				CLANG_WARN_OBJC_ROOT_CLASS = YES_ERROR;
				CLANG_WARN_QUOTED_INCLUDE_IN_FRAMEWORK_HEADER = YES;
				CLANG_WARN_RANGE_LOOP_ANALYSIS = YES;
				CLANG_WARN_STRICT_PROTOTYPES = YES;
				CLANG_WARN_SUSPICIOUS_MOVE = YES;
				CLANG_WARN_UNGUARDED_AVAILABILITY = YES_AGGRESSIVE;
				CLANG_WARN_UNREACHABLE_CODE = YES;
				CLANG_WARN__DUPLICATE_METHOD_MATCH = YES;
				COPY_PHASE_STRIP = NO;
				DEBUG_INFORMATION_FORMAT = dwarf;
				ENABLE_STRICT_OBJC_MSGSEND = YES;
				ENABLE_TESTABILITY = YES;
				GCC_C_LANGUAGE_STANDARD = gnu11;
				GCC_DYNAMIC_NO_PIC = NO;
				GCC_NO_COMMON_BLOCKS = YES;
				GCC_OPTIMIZATION_LEVEL = 0;
				GCC_PREPROCESSOR_DEFINITIONS = (
					"DEBUG=1",
					"$(inherited)",
				);
				GCC_WARN_64_TO_32_BIT_CONVERSION = YES;
				GCC_WARN_ABOUT_RETURN_TYPE = YES_ERROR;
				GCC_WARN_UNDECLARED_SELECTOR = YES;
				GCC_WARN_UNINITIALIZED_AUTOS = YES_AGGRESSIVE;
				GCC_WARN_UNUSED_FUNCTION = YES;
				GCC_WARN_UNUSED_VARIABLE = YES;
				IPHONEOS_DEPLOYMENT_TARGET = 15.5;
				MTL_ENABLE_DEBUG_INFO = INCLUDE_SOURCE;
				MTL_FAST_MATH = YES;
				ONLY_ACTIVE_ARCH = YES;
				SDKROOT = iphoneos;
				SWIFT_ACTIVE_COMPILATION_CONDITIONS = DEBUG;
				SWIFT_OPTIMIZATION_LEVEL = "-Onone";
			};
			name = Debug;
		};
		3562E69528A4BA8B0032829C /* Release */ = {
			isa = XCBuildConfiguration;
			buildSettings = {
				ALWAYS_SEARCH_USER_PATHS = NO;
				CLANG_ANALYZER_NONNULL = YES;
				CLANG_ANALYZER_NUMBER_OBJECT_CONVERSION = YES_AGGRESSIVE;
				CLANG_CXX_LANGUAGE_STANDARD = "gnu++17";
				CLANG_ENABLE_MODULES = YES;
				CLANG_ENABLE_OBJC_ARC = YES;
				CLANG_ENABLE_OBJC_WEAK = YES;
				CLANG_WARN_BLOCK_CAPTURE_AUTORELEASING = YES;
				CLANG_WARN_BOOL_CONVERSION = YES;
				CLANG_WARN_COMMA = YES;
				CLANG_WARN_CONSTANT_CONVERSION = YES;
				CLANG_WARN_DEPRECATED_OBJC_IMPLEMENTATIONS = YES;
				CLANG_WARN_DIRECT_OBJC_ISA_USAGE = YES_ERROR;
				CLANG_WARN_DOCUMENTATION_COMMENTS = YES;
				CLANG_WARN_EMPTY_BODY = YES;
				CLANG_WARN_ENUM_CONVERSION = YES;
				CLANG_WARN_INFINITE_RECURSION = YES;
				CLANG_WARN_INT_CONVERSION = YES;
				CLANG_WARN_NON_LITERAL_NULL_CONVERSION = YES;
				CLANG_WARN_OBJC_IMPLICIT_RETAIN_SELF = YES;
				CLANG_WARN_OBJC_LITERAL_CONVERSION = YES;
				CLANG_WARN_OBJC_ROOT_CLASS = YES_ERROR;
				CLANG_WARN_QUOTED_INCLUDE_IN_FRAMEWORK_HEADER = YES;
				CLANG_WARN_RANGE_LOOP_ANALYSIS = YES;
				CLANG_WARN_STRICT_PROTOTYPES = YES;
				CLANG_WARN_SUSPICIOUS_MOVE = YES;
				CLANG_WARN_UNGUARDED_AVAILABILITY = YES_AGGRESSIVE;
				CLANG_WARN_UNREACHABLE_CODE = YES;
				CLANG_WARN__DUPLICATE_METHOD_MATCH = YES;
				COPY_PHASE_STRIP = NO;
				DEBUG_INFORMATION_FORMAT = "dwarf-with-dsym";
				ENABLE_NS_ASSERTIONS = NO;
				ENABLE_STRICT_OBJC_MSGSEND = YES;
				GCC_C_LANGUAGE_STANDARD = gnu11;
				GCC_NO_COMMON_BLOCKS = YES;
				GCC_WARN_64_TO_32_BIT_CONVERSION = YES;
				GCC_WARN_ABOUT_RETURN_TYPE = YES_ERROR;
				GCC_WARN_UNDECLARED_SELECTOR = YES;
				GCC_WARN_UNINITIALIZED_AUTOS = YES_AGGRESSIVE;
				GCC_WARN_UNUSED_FUNCTION = YES;
				GCC_WARN_UNUSED_VARIABLE = YES;
				IPHONEOS_DEPLOYMENT_TARGET = 15.5;
				MTL_ENABLE_DEBUG_INFO = NO;
				MTL_FAST_MATH = YES;
				SDKROOT = iphoneos;
				SWIFT_COMPILATION_MODE = wholemodule;
				SWIFT_OPTIMIZATION_LEVEL = "-O";
				VALIDATE_PRODUCT = YES;
			};
			name = Release;
		};
		3562E69728A4BA8B0032829C /* Debug */ = {
			isa = XCBuildConfiguration;
			buildSettings = {
				ASSETCATALOG_COMPILER_APPICON_NAME = AppIcon;
				ASSETCATALOG_COMPILER_GLOBAL_ACCENT_COLOR_NAME = AccentColor;
				CODE_SIGN_STYLE = Automatic;
				CURRENT_PROJECT_VERSION = 1;
				DEVELOPMENT_TEAM = BG94R9B8UK;
				GENERATE_INFOPLIST_FILE = YES;
				INFOPLIST_FILE = KFC/Info.plist;
				INFOPLIST_KEY_UIApplicationSupportsIndirectInputEvents = YES;
				INFOPLIST_KEY_UILaunchStoryboardName = LaunchScreen;
				INFOPLIST_KEY_UIMainStoryboardFile = Main;
				INFOPLIST_KEY_UISupportedInterfaceOrientations_iPad = "UIInterfaceOrientationPortrait UIInterfaceOrientationPortraitUpsideDown UIInterfaceOrientationLandscapeLeft UIInterfaceOrientationLandscapeRight";
				INFOPLIST_KEY_UISupportedInterfaceOrientations_iPhone = "UIInterfaceOrientationPortrait UIInterfaceOrientationLandscapeLeft UIInterfaceOrientationLandscapeRight";
				LD_RUNPATH_SEARCH_PATHS = (
					"$(inherited)",
					"@executable_path/Frameworks",
				);
				MARKETING_VERSION = 1.0;
				PRODUCT_BUNDLE_IDENTIFIER = com.shrey.KFC;
				PRODUCT_NAME = "$(TARGET_NAME)";
				SWIFT_EMIT_LOC_STRINGS = YES;
				SWIFT_VERSION = 5.0;
				TARGETED_DEVICE_FAMILY = "1,2";
			};
			name = Debug;
		};
		3562E69828A4BA8B0032829C /* Release */ = {
			isa = XCBuildConfiguration;
			buildSettings = {
				ASSETCATALOG_COMPILER_APPICON_NAME = AppIcon;
				ASSETCATALOG_COMPILER_GLOBAL_ACCENT_COLOR_NAME = AccentColor;
				CODE_SIGN_STYLE = Automatic;
				CURRENT_PROJECT_VERSION = 1;
				DEVELOPMENT_TEAM = BG94R9B8UK;
				GENERATE_INFOPLIST_FILE = YES;
				INFOPLIST_FILE = KFC/Info.plist;
				INFOPLIST_KEY_UIApplicationSupportsIndirectInputEvents = YES;
				INFOPLIST_KEY_UILaunchStoryboardName = LaunchScreen;
				INFOPLIST_KEY_UIMainStoryboardFile = Main;
				INFOPLIST_KEY_UISupportedInterfaceOrientations_iPad = "UIInterfaceOrientationPortrait UIInterfaceOrientationPortraitUpsideDown UIInterfaceOrientationLandscapeLeft UIInterfaceOrientationLandscapeRight";
				INFOPLIST_KEY_UISupportedInterfaceOrientations_iPhone = "UIInterfaceOrientationPortrait UIInterfaceOrientationLandscapeLeft UIInterfaceOrientationLandscapeRight";
				LD_RUNPATH_SEARCH_PATHS = (
					"$(inherited)",
					"@executable_path/Frameworks",
				);
				MARKETING_VERSION = 1.0;
				PRODUCT_BUNDLE_IDENTIFIER = com.shrey.KFC;
				PRODUCT_NAME = "$(TARGET_NAME)";
				SWIFT_EMIT_LOC_STRINGS = YES;
				SWIFT_VERSION = 5.0;
				TARGETED_DEVICE_FAMILY = "1,2";
			};
			name = Release;
		};
/* End XCBuildConfiguration section */

/* Begin XCConfigurationList section */
		3562E67D28A4BA8A0032829C /* Build configuration list for PBXProject "KFC" */ = {
			isa = XCConfigurationList;
			buildConfigurations = (
				3562E69428A4BA8B0032829C /* Debug */,
				3562E69528A4BA8B0032829C /* Release */,
			);
			defaultConfigurationIsVisible = 0;
			defaultConfigurationName = Release;
		};
		3562E69628A4BA8B0032829C /* Build configuration list for PBXNativeTarget "KFC" */ = {
			isa = XCConfigurationList;
			buildConfigurations = (
				3562E69728A4BA8B0032829C /* Debug */,
				3562E69828A4BA8B0032829C /* Release */,
			);
			defaultConfigurationIsVisible = 0;
			defaultConfigurationName = Release;
		};
/* End XCConfigurationList section */
	};
	rootObject = 3562E67A28A4BA8A0032829C /* Project object */;
}
